
Microsoft Visual Studio Solution File, Format Version 12.00
# Visual Studio Version 17
VisualStudioVersion = 17.10.35013.160
MinimumVisualStudioVersion = 10.0.40219.1
Project("{2150E333-8FDC-42A3-9474-1A3956D46DE8}") = "Services", "Services", "{833DB086-B892-495D-9048-C791F5C4BE7A}"
EndProject
Project("{2150E333-8FDC-42A3-9474-1A3956D46DE8}") = "Identity", "Identity", "{43E62E34-7C6B-4C86-8305-59CF11CDBBD2}"
EndProject
Project("{2150E333-8FDC-42A3-9474-1A3956D46DE8}") = "Category", "Category", "{363E8287-05F2-41AE-B619-F9627B25FE1C}"
EndProject
Project("{2150E333-8FDC-42A3-9474-1A3956D46DE8}") = "Discount", "Discount", "{0BDA9A40-A373-4899-BDC5-45060DA2CC8C}"
EndProject
Project("{2150E333-8FDC-42A3-9474-1A3956D46DE8}") = "Order", "Order", "{4722B37B-D06E-46C6-8857-CD7982DC1C4E}"
EndProject
Project("{2150E333-8FDC-42A3-9474-1A3956D46DE8}") = "Core", "Core", "{48F8980D-973C-4DDF-A173-2FCB64A2F661}"
EndProject
Project("{2150E333-8FDC-42A3-9474-1A3956D46DE8}") = "Infratructure", "Infratructure", "{DD911BC0-8B41-4CD8-9E4E-2F82EF3F5566}"
EndProject
Project("{2150E333-8FDC-42A3-9474-1A3956D46DE8}") = "Presentation", "Presentation", "{7B13FC5B-F3C7-4CCD-9626-3BB610748496}"
EndProject
Project("{9A19103F-16F7-4668-BE54-9A1E7A4F7556}") = "MicroserviceECommerce.Category", "Services\Category\MicroserviceECommerce.Category\MicroserviceECommerce.Category.csproj", "{5CAA07C6-3C6B-4693-950C-A5C7F7200482}"
EndProject
Project("{9A19103F-16F7-4668-BE54-9A1E7A4F7556}") = "MicroserviceECommerce.Discount", "Services\Discount\MicroserviceECommerce.Discount\MicroserviceECommerce.Discount.csproj", "{B81DE5E3-00F2-4723-BE8E-6C2F9312231A}"
EndProject
Project("{9A19103F-16F7-4668-BE54-9A1E7A4F7556}") = "MicroserviceECommerce.Order.Application", "Services\Order\Core\MicroserviceECommerce.Order.Application\MicroserviceECommerce.Order.Application.csproj", "{D2CE225D-AE98-4161-9982-A27D69B4BEF9}"
EndProject
Project("{9A19103F-16F7-4668-BE54-9A1E7A4F7556}") = "MicroserviceECommerce.Order.Domain", "Services\Order\Core\MicroserviceECommerce.Order.Domain\MicroserviceECommerce.Order.Domain.csproj", "{380D955B-ECDC-462A-B23C-3675BE057C94}"
EndProject
Project("{9A19103F-16F7-4668-BE54-9A1E7A4F7556}") = "MicroserviceECommerce.Order.Persistance", "Services\Order\Infrastructure\MicroserviceECommerce.Order.Persistance\MicroserviceECommerce.Order.Persistance.csproj", "{C9C2EFCF-9133-493C-8072-55726F108877}"
EndProject
Project("{FAE04EC0-301F-11D3-BF4B-00C04F79EFBC}") = "MicroserviceECommerce.Order.WebApi", "Services\Order\Presentation\MicroserviceECommerce.Order.WebApi\MicroserviceECommerce.Order.WebApi.csproj", "{AB17796E-6CD5-438D-AAD5-4FAB27B2736F}"
EndProject
Global
	GlobalSection(SolutionConfigurationPlatforms) = preSolution
		Debug|Any CPU = Debug|Any CPU
		Release|Any CPU = Release|Any CPU
	EndGlobalSection
	GlobalSection(ProjectConfigurationPlatforms) = postSolution
		{5CAA07C6-3C6B-4693-950C-A5C7F7200482}.Debug|Any CPU.ActiveCfg = Debug|Any CPU
		{5CAA07C6-3C6B-4693-950C-A5C7F7200482}.Debug|Any CPU.Build.0 = Debug|Any CPU
		{5CAA07C6-3C6B-4693-950C-A5C7F7200482}.Release|Any CPU.ActiveCfg = Release|Any CPU
		{5CAA07C6-3C6B-4693-950C-A5C7F7200482}.Release|Any CPU.Build.0 = Release|Any CPU
		{B81DE5E3-00F2-4723-BE8E-6C2F9312231A}.Debug|Any CPU.ActiveCfg = Debug|Any CPU
		{B81DE5E3-00F2-4723-BE8E-6C2F9312231A}.Debug|Any CPU.Build.0 = Debug|Any CPU
		{B81DE5E3-00F2-4723-BE8E-6C2F9312231A}.Release|Any CPU.ActiveCfg = Release|Any CPU
		{B81DE5E3-00F2-4723-BE8E-6C2F9312231A}.Release|Any CPU.Build.0 = Release|Any CPU
		{D2CE225D-AE98-4161-9982-A27D69B4BEF9}.Debug|Any CPU.ActiveCfg = Debug|Any CPU
		{D2CE225D-AE98-4161-9982-A27D69B4BEF9}.Debug|Any CPU.Build.0 = Debug|Any CPU
		{D2CE225D-AE98-4161-9982-A27D69B4BEF9}.Release|Any CPU.ActiveCfg = Release|Any CPU
		{D2CE225D-AE98-4161-9982-A27D69B4BEF9}.Release|Any CPU.Build.0 = Release|Any CPU
		{380D955B-ECDC-462A-B23C-3675BE057C94}.Debug|Any CPU.ActiveCfg = Debug|Any CPU
		{380D955B-ECDC-462A-B23C-3675BE057C94}.Debug|Any CPU.Build.0 = Debug|Any CPU
		{380D955B-ECDC-462A-B23C-3675BE057C94}.Release|Any CPU.ActiveCfg = Release|Any CPU
		{380D955B-ECDC-462A-B23C-3675BE057C94}.Release|Any CPU.Build.0 = Release|Any CPU
		{C9C2EFCF-9133-493C-8072-55726F108877}.Debug|Any CPU.ActiveCfg = Debug|Any CPU
		{C9C2EFCF-9133-493C-8072-55726F108877}.Debug|Any CPU.Build.0 = Debug|Any CPU
		{C9C2EFCF-9133-493C-8072-55726F108877}.Release|Any CPU.ActiveCfg = Release|Any CPU
		{C9C2EFCF-9133-493C-8072-55726F108877}.Release|Any CPU.Build.0 = Release|Any CPU
		{AB17796E-6CD5-438D-AAD5-4FAB27B2736F}.Debug|Any CPU.ActiveCfg = Debug|Any CPU
		{AB17796E-6CD5-438D-AAD5-4FAB27B2736F}.Debug|Any CPU.Build.0 = Debug|Any CPU
		{AB17796E-6CD5-438D-AAD5-4FAB27B2736F}.Release|Any CPU.ActiveCfg = Release|Any CPU
		{AB17796E-6CD5-438D-AAD5-4FAB27B2736F}.Release|Any CPU.Build.0 = Release|Any CPU
	EndGlobalSection
	GlobalSection(SolutionProperties) = preSolution
		HideSolutionNode = FALSE
	EndGlobalSection
	GlobalSection(NestedProjects) = preSolution
		{363E8287-05F2-41AE-B619-F9627B25FE1C} = {833DB086-B892-495D-9048-C791F5C4BE7A}
		{0BDA9A40-A373-4899-BDC5-45060DA2CC8C} = {833DB086-B892-495D-9048-C791F5C4BE7A}
		{4722B37B-D06E-46C6-8857-CD7982DC1C4E} = {833DB086-B892-495D-9048-C791F5C4BE7A}
		{48F8980D-973C-4DDF-A173-2FCB64A2F661} = {4722B37B-D06E-46C6-8857-CD7982DC1C4E}
		{DD911BC0-8B41-4CD8-9E4E-2F82EF3F5566} = {4722B37B-D06E-46C6-8857-CD7982DC1C4E}
		{7B13FC5B-F3C7-4CCD-9626-3BB610748496} = {4722B37B-D06E-46C6-8857-CD7982DC1C4E}
		{5CAA07C6-3C6B-4693-950C-A5C7F7200482} = {363E8287-05F2-41AE-B619-F9627B25FE1C}
		{B81DE5E3-00F2-4723-BE8E-6C2F9312231A} = {0BDA9A40-A373-4899-BDC5-45060DA2CC8C}
		{D2CE225D-AE98-4161-9982-A27D69B4BEF9} = {48F8980D-973C-4DDF-A173-2FCB64A2F661}
		{380D955B-ECDC-462A-B23C-3675BE057C94} = {48F8980D-973C-4DDF-A173-2FCB64A2F661}
		{C9C2EFCF-9133-493C-8072-55726F108877} = {DD911BC0-8B41-4CD8-9E4E-2F82EF3F5566}
		{AB17796E-6CD5-438D-AAD5-4FAB27B2736F} = {7B13FC5B-F3C7-4CCD-9626-3BB610748496}
	EndGlobalSection
	GlobalSection(ExtensibilityGlobals) = postSolution
		SolutionGuid = {4E0D5159-3B0A-4EC6-9D5A-A17DEA6A48DC}
	EndGlobalSection
EndGlobal
